{
  "version": 4,
  "terraform_version": "1.5.1",
  "serial": 3,
  "lineage": "09f4e751-05ca-401e-12e8-cd0b60f5e417",
  "outputs": {},
  "resources": [
    {
      "mode": "managed",
      "type": "random_integer",
      "name": "random_number",
      "provider": "provider[\"registry.terraform.io/hashicorp/random\"]",
      "instances": [
        {
          "schema_version": 0,
          "attributes": {
            "id": "84",
            "keepers": null,
            "max": 100,
            "min": 1,
            "result": 84,
            "seed": null
          },
          "sensitive_attributes": []
        }
      ]
    },
    {
      "module": "module.random_module",
      "mode": "managed",
      "type": "random_integer",
      "name": "random_number",
      "provider": "module.random_module.provider[\"registry.terraform.io/hashicorp/random\"]",
      "instances": [
        {
          "schema_version": 0,
          "attributes": {
            "id": "43",
            "keepers": null,
            "max": 100,
            "min": 1,
            "result": 43,
            "seed": null
          },
          "sensitive_attributes": []
        }
      ]
    }
  ],
  "check_results": null
}
