{
  "version": 4,
  "terraform_version": "1.5.3",
  "serial": 370,
  "lineage": "09f4e751-05ca-401e-12e8-cd0b60f5e417",
  "outputs": {},
  "resources": [
    {
      "mode": "managed",
      "type": "random_integer",
      "name": "random_number",
      "provider": "provider[\"registry.terraform.io/hashicorp/random\"]",
      "instances": [
        {
          "schema_version": 0,
          "attributes": {
            "id": "84",
            "keepers": null,
            "max": 100,
            "min": 1,
            "result": 84,
            "seed": null
          },
          "sensitive_attributes": []
        }
      ]
    },
    {
      "module": "module.random_module",
      "mode": "managed",
      "type": "random_integer",
      "name": "random_number",
      "provider": "provider[\"registry.terraform.io/hashicorp/random\"]",
      "instances": [
        {
          "index_key": 0,
          "schema_version": 0,
          "attributes": {
            "id": "95",
            "keepers": null,
            "max": 100,
            "min": 1,
            "result": 95,
            "seed": null
          },
          "sensitive_attributes": []
        },
        {
          "index_key": 1,
          "schema_version": 0,
          "attributes": {
            "id": "96",
            "keepers": null,
            "max": 100,
            "min": 1,
            "result": 96,
            "seed": null
          },
          "sensitive_attributes": []
        },
        {
          "index_key": 2,
          "schema_version": 0,
          "attributes": {
            "id": "27",
            "keepers": null,
            "max": 100,
            "min": 1,
            "result": 27,
            "seed": null
          },
          "sensitive_attributes": []
        },
        {
          "index_key": 3,
          "schema_version": 0,
          "attributes": {
            "id": "66",
            "keepers": null,
            "max": 100,
            "min": 1,
            "result": 66,
            "seed": null
          },
          "sensitive_attributes": []
        },
        {
          "index_key": 4,
          "schema_version": 0,
          "attributes": {
            "id": "84",
            "keepers": null,
            "max": 100,
            "min": 1,
            "result": 84,
            "seed": null
          },
          "sensitive_attributes": []
        }
      ]
    },
    {
      "module": "module.random_module.module.module2[0]",
      "mode": "managed",
      "type": "random_integer",
      "name": "random_number",
      "provider": "provider[\"registry.terraform.io/hashicorp/random\"]",
      "instances": [
        {
          "index_key": 0,
          "schema_version": 0,
          "attributes": {
            "id": "86",
            "keepers": null,
            "max": 100,
            "min": 1,
            "result": 86,
            "seed": null
          },
          "sensitive_attributes": []
        },
        {
          "index_key": 1,
          "schema_version": 0,
          "attributes": {
            "id": "28",
            "keepers": null,
            "max": 100,
            "min": 1,
            "result": 28,
            "seed": null
          },
          "sensitive_attributes": []
        },
        {
          "index_key": 2,
          "schema_version": 0,
          "attributes": {
            "id": "67",
            "keepers": null,
            "max": 100,
            "min": 1,
            "result": 67,
            "seed": null
          },
          "sensitive_attributes": []
        },
        {
          "index_key": 3,
          "schema_version": 0,
          "attributes": {
            "id": "20",
            "keepers": null,
            "max": 100,
            "min": 1,
            "result": 20,
            "seed": null
          },
          "sensitive_attributes": []
        },
        {
          "index_key": 4,
          "schema_version": 0,
          "attributes": {
            "id": "16",
            "keepers": null,
            "max": 100,
            "min": 1,
            "result": 16,
            "seed": null
          },
          "sensitive_attributes": []
        }
      ]
    },
    {
      "module": "module.random_module.module.module2[0].module.module3[0]",
      "mode": "managed",
      "type": "random_integer",
      "name": "random_number",
      "provider": "provider[\"registry.terraform.io/hashicorp/random\"]",
      "instances": [
        {
          "index_key": 0,
          "schema_version": 0,
          "attributes": {
            "id": "45",
            "keepers": null,
            "max": 100,
            "min": 1,
            "result": 45,
            "seed": null
          },
          "sensitive_attributes": []
        },
        {
          "index_key": 1,
          "schema_version": 0,
          "attributes": {
            "id": "1",
            "keepers": null,
            "max": 100,
            "min": 1,
            "result": 1,
            "seed": null
          },
          "sensitive_attributes": []
        },
        {
          "index_key": 2,
          "status": "tainted",
          "schema_version": 0,
          "attributes": {
            "id": "62",
            "keepers": null,
            "max": 100,
            "min": 1,
            "result": 62,
            "seed": null
          },
          "sensitive_attributes": []
        },
        {
          "index_key": 3,
          "status": "tainted",
          "schema_version": 0,
          "attributes": {
            "id": "93",
            "keepers": null,
            "max": 100,
            "min": 1,
            "result": 93,
            "seed": null
          },
          "sensitive_attributes": []
        },
        {
          "index_key": 4,
          "schema_version": 0,
          "attributes": {
            "id": "45",
            "keepers": null,
            "max": 100,
            "min": 1,
            "result": 45,
            "seed": null
          },
          "sensitive_attributes": []
        }
      ]
    },
    {
      "module": "module.random_module.module.module2[0].module.module3[1]",
      "mode": "managed",
      "type": "random_integer",
      "name": "random_number",
      "provider": "provider[\"registry.terraform.io/hashicorp/random\"]",
      "instances": [
        {
          "index_key": 0,
          "schema_version": 0,
          "attributes": {
            "id": "99",
            "keepers": null,
            "max": 100,
            "min": 1,
            "result": 99,
            "seed": null
          },
          "sensitive_attributes": []
        },
        {
          "index_key": 1,
          "schema_version": 0,
          "attributes": {
            "id": "90",
            "keepers": null,
            "max": 100,
            "min": 1,
            "result": 90,
            "seed": null
          },
          "sensitive_attributes": []
        },
        {
          "index_key": 2,
          "schema_version": 0,
          "attributes": {
            "id": "43",
            "keepers": null,
            "max": 100,
            "min": 1,
            "result": 43,
            "seed": null
          },
          "sensitive_attributes": []
        },
        {
          "index_key": 3,
          "schema_version": 0,
          "attributes": {
            "id": "31",
            "keepers": null,
            "max": 100,
            "min": 1,
            "result": 31,
            "seed": null
          },
          "sensitive_attributes": []
        },
        {
          "index_key": 4,
          "schema_version": 0,
          "attributes": {
            "id": "5",
            "keepers": null,
            "max": 100,
            "min": 1,
            "result": 5,
            "seed": null
          },
          "sensitive_attributes": []
        }
      ]
    },
    {
      "module": "module.random_module.module.module2[0].module.module3[2]",
      "mode": "managed",
      "type": "random_integer",
      "name": "random_number",
      "provider": "provider[\"registry.terraform.io/hashicorp/random\"]",
      "instances": [
        {
          "index_key": 0,
          "schema_version": 0,
          "attributes": {
            "id": "32",
            "keepers": null,
            "max": 100,
            "min": 1,
            "result": 32,
            "seed": null
          },
          "sensitive_attributes": []
        },
        {
          "index_key": 1,
          "schema_version": 0,
          "attributes": {
            "id": "32",
            "keepers": null,
            "max": 100,
            "min": 1,
            "result": 32,
            "seed": null
          },
          "sensitive_attributes": []
        },
        {
          "index_key": 2,
          "schema_version": 0,
          "attributes": {
            "id": "88",
            "keepers": null,
            "max": 100,
            "min": 1,
            "result": 88,
            "seed": null
          },
          "sensitive_attributes": []
        },
        {
          "index_key": 3,
          "schema_version": 0,
          "attributes": {
            "id": "39",
            "keepers": null,
            "max": 100,
            "min": 1,
            "result": 39,
            "seed": null
          },
          "sensitive_attributes": []
        },
        {
          "index_key": 4,
          "schema_version": 0,
          "attributes": {
            "id": "42",
            "keepers": null,
            "max": 100,
            "min": 1,
            "result": 42,
            "seed": null
          },
          "sensitive_attributes": []
        }
      ]
    },
    {
      "module": "module.random_module.module.module2[0].module.module3[3]",
      "mode": "managed",
      "type": "random_integer",
      "name": "random_number",
      "provider": "provider[\"registry.terraform.io/hashicorp/random\"]",
      "instances": [
        {
          "index_key": 0,
          "schema_version": 0,
          "attributes": {
            "id": "30",
            "keepers": null,
            "max": 100,
            "min": 1,
            "result": 30,
            "seed": null
          },
          "sensitive_attributes": []
        },
        {
          "index_key": 1,
          "schema_version": 0,
          "attributes": {
            "id": "63",
            "keepers": null,
            "max": 100,
            "min": 1,
            "result": 63,
            "seed": null
          },
          "sensitive_attributes": []
        },
        {
          "index_key": 2,
          "schema_version": 0,
          "attributes": {
            "id": "13",
            "keepers": null,
            "max": 100,
            "min": 1,
            "result": 13,
            "seed": null
          },
          "sensitive_attributes": []
        },
        {
          "index_key": 3,
          "schema_version": 0,
          "attributes": {
            "id": "3",
            "keepers": null,
            "max": 100,
            "min": 1,
            "result": 3,
            "seed": null
          },
          "sensitive_attributes": []
        },
        {
          "index_key": 4,
          "schema_version": 0,
          "attributes": {
            "id": "46",
            "keepers": null,
            "max": 100,
            "min": 1,
            "result": 46,
            "seed": null
          },
          "sensitive_attributes": []
        }
      ]
    },
    {
      "module": "module.random_module.module.module2[0].module.module3[4]",
      "mode": "managed",
      "type": "random_integer",
      "name": "random_number",
      "provider": "provider[\"registry.terraform.io/hashicorp/random\"]",
      "instances": [
        {
          "index_key": 0,
          "schema_version": 0,
          "attributes": {
            "id": "12",
            "keepers": null,
            "max": 100,
            "min": 1,
            "result": 12,
            "seed": null
          },
          "sensitive_attributes": []
        },
        {
          "index_key": 1,
          "schema_version": 0,
          "attributes": {
            "id": "38",
            "keepers": null,
            "max": 100,
            "min": 1,
            "result": 38,
            "seed": null
          },
          "sensitive_attributes": []
        },
        {
          "index_key": 2,
          "schema_version": 0,
          "attributes": {
            "id": "22",
            "keepers": null,
            "max": 100,
            "min": 1,
            "result": 22,
            "seed": null
          },
          "sensitive_attributes": []
        },
        {
          "index_key": 3,
          "schema_version": 0,
          "attributes": {
            "id": "83",
            "keepers": null,
            "max": 100,
            "min": 1,
            "result": 83,
            "seed": null
          },
          "sensitive_attributes": []
        },
        {
          "index_key": 4,
          "schema_version": 0,
          "attributes": {
            "id": "28",
            "keepers": null,
            "max": 100,
            "min": 1,
            "result": 28,
            "seed": null
          },
          "sensitive_attributes": []
        }
      ]
    },
    {
      "module": "module.random_module.module.module2[0].module.module3[5]",
      "mode": "managed",
      "type": "random_integer",
      "name": "random_number",
      "provider": "provider[\"registry.terraform.io/hashicorp/random\"]",
      "instances": [
        {
          "index_key": 0,
          "schema_version": 0,
          "attributes": {
            "id": "95",
            "keepers": null,
            "max": 100,
            "min": 1,
            "result": 95,
            "seed": null
          },
          "sensitive_attributes": []
        },
        {
          "index_key": 1,
          "schema_version": 0,
          "attributes": {
            "id": "61",
            "keepers": null,
            "max": 100,
            "min": 1,
            "result": 61,
            "seed": null
          },
          "sensitive_attributes": []
        },
        {
          "index_key": 2,
          "schema_version": 0,
          "attributes": {
            "id": "58",
            "keepers": null,
            "max": 100,
            "min": 1,
            "result": 58,
            "seed": null
          },
          "sensitive_attributes": []
        },
        {
          "index_key": 3,
          "schema_version": 0,
          "attributes": {
            "id": "50",
            "keepers": null,
            "max": 100,
            "min": 1,
            "result": 50,
            "seed": null
          },
          "sensitive_attributes": []
        },
        {
          "index_key": 4,
          "schema_version": 0,
          "attributes": {
            "id": "69",
            "keepers": null,
            "max": 100,
            "min": 1,
            "result": 69,
            "seed": null
          },
          "sensitive_attributes": []
        }
      ]
    },
    {
      "module": "module.random_module.module.module2[0].module.module3[6]",
      "mode": "managed",
      "type": "random_integer",
      "name": "random_number",
      "provider": "provider[\"registry.terraform.io/hashicorp/random\"]",
      "instances": [
        {
          "index_key": 0,
          "schema_version": 0,
          "attributes": {
            "id": "58",
            "keepers": null,
            "max": 100,
            "min": 1,
            "result": 58,
            "seed": null
          },
          "sensitive_attributes": []
        },
        {
          "index_key": 1,
          "schema_version": 0,
          "attributes": {
            "id": "71",
            "keepers": null,
            "max": 100,
            "min": 1,
            "result": 71,
            "seed": null
          },
          "sensitive_attributes": []
        },
        {
          "index_key": 2,
          "schema_version": 0,
          "attributes": {
            "id": "5",
            "keepers": null,
            "max": 100,
            "min": 1,
            "result": 5,
            "seed": null
          },
          "sensitive_attributes": []
        },
        {
          "index_key": 3,
          "schema_version": 0,
          "attributes": {
            "id": "23",
            "keepers": null,
            "max": 100,
            "min": 1,
            "result": 23,
            "seed": null
          },
          "sensitive_attributes": []
        },
        {
          "index_key": 4,
          "schema_version": 0,
          "attributes": {
            "id": "91",
            "keepers": null,
            "max": 100,
            "min": 1,
            "result": 91,
            "seed": null
          },
          "sensitive_attributes": []
        }
      ]
    },
    {
      "module": "module.random_module.module.module2[1]",
      "mode": "managed",
      "type": "random_integer",
      "name": "random_number",
      "provider": "provider[\"registry.terraform.io/hashicorp/random\"]",
      "instances": [
        {
          "index_key": 0,
          "schema_version": 0,
          "attributes": {
            "id": "76",
            "keepers": null,
            "max": 100,
            "min": 1,
            "result": 76,
            "seed": null
          },
          "sensitive_attributes": []
        },
        {
          "index_key": 1,
          "schema_version": 0,
          "attributes": {
            "id": "34",
            "keepers": null,
            "max": 100,
            "min": 1,
            "result": 34,
            "seed": null
          },
          "sensitive_attributes": []
        },
        {
          "index_key": 2,
          "schema_version": 0,
          "attributes": {
            "id": "38",
            "keepers": null,
            "max": 100,
            "min": 1,
            "result": 38,
            "seed": null
          },
          "sensitive_attributes": []
        },
        {
          "index_key": 3,
          "schema_version": 0,
          "attributes": {
            "id": "15",
            "keepers": null,
            "max": 100,
            "min": 1,
            "result": 15,
            "seed": null
          },
          "sensitive_attributes": []
        },
        {
          "index_key": 4,
          "schema_version": 0,
          "attributes": {
            "id": "46",
            "keepers": null,
            "max": 100,
            "min": 1,
            "result": 46,
            "seed": null
          },
          "sensitive_attributes": []
        }
      ]
    },
    {
      "module": "module.random_module.module.module2[1].module.module3[0]",
      "mode": "managed",
      "type": "random_integer",
      "name": "random_number",
      "provider": "provider[\"registry.terraform.io/hashicorp/random\"]",
      "instances": [
        {
          "index_key": 0,
          "schema_version": 0,
          "attributes": {
            "id": "82",
            "keepers": null,
            "max": 100,
            "min": 1,
            "result": 82,
            "seed": null
          },
          "sensitive_attributes": []
        },
        {
          "index_key": 1,
          "schema_version": 0,
          "attributes": {
            "id": "85",
            "keepers": null,
            "max": 100,
            "min": 1,
            "result": 85,
            "seed": null
          },
          "sensitive_attributes": []
        },
        {
          "index_key": 2,
          "schema_version": 0,
          "attributes": {
            "id": "35",
            "keepers": null,
            "max": 100,
            "min": 1,
            "result": 35,
            "seed": null
          },
          "sensitive_attributes": []
        },
        {
          "index_key": 3,
          "schema_version": 0,
          "attributes": {
            "id": "10",
            "keepers": null,
            "max": 100,
            "min": 1,
            "result": 10,
            "seed": null
          },
          "sensitive_attributes": []
        },
        {
          "index_key": 4,
          "schema_version": 0,
          "attributes": {
            "id": "60",
            "keepers": null,
            "max": 100,
            "min": 1,
            "result": 60,
            "seed": null
          },
          "sensitive_attributes": []
        }
      ]
    },
    {
      "module": "module.random_module.module.module2[1].module.module3[1]",
      "mode": "managed",
      "type": "random_integer",
      "name": "random_number",
      "provider": "provider[\"registry.terraform.io/hashicorp/random\"]",
      "instances": [
        {
          "index_key": 0,
          "schema_version": 0,
          "attributes": {
            "id": "51",
            "keepers": null,
            "max": 100,
            "min": 1,
            "result": 51,
            "seed": null
          },
          "sensitive_attributes": []
        },
        {
          "index_key": 1,
          "schema_version": 0,
          "attributes": {
            "id": "58",
            "keepers": null,
            "max": 100,
            "min": 1,
            "result": 58,
            "seed": null
          },
          "sensitive_attributes": []
        },
        {
          "index_key": 2,
          "schema_version": 0,
          "attributes": {
            "id": "25",
            "keepers": null,
            "max": 100,
            "min": 1,
            "result": 25,
            "seed": null
          },
          "sensitive_attributes": []
        },
        {
          "index_key": 3,
          "schema_version": 0,
          "attributes": {
            "id": "24",
            "keepers": null,
            "max": 100,
            "min": 1,
            "result": 24,
            "seed": null
          },
          "sensitive_attributes": []
        },
        {
          "index_key": 4,
          "schema_version": 0,
          "attributes": {
            "id": "51",
            "keepers": null,
            "max": 100,
            "min": 1,
            "result": 51,
            "seed": null
          },
          "sensitive_attributes": []
        }
      ]
    },
    {
      "module": "module.random_module.module.module2[1].module.module3[2]",
      "mode": "managed",
      "type": "random_integer",
      "name": "random_number",
      "provider": "provider[\"registry.terraform.io/hashicorp/random\"]",
      "instances": [
        {
          "index_key": 0,
          "schema_version": 0,
          "attributes": {
            "id": "68",
            "keepers": null,
            "max": 100,
            "min": 1,
            "result": 68,
            "seed": null
          },
          "sensitive_attributes": []
        },
        {
          "index_key": 1,
          "schema_version": 0,
          "attributes": {
            "id": "90",
            "keepers": null,
            "max": 100,
            "min": 1,
            "result": 90,
            "seed": null
          },
          "sensitive_attributes": []
        },
        {
          "index_key": 2,
          "schema_version": 0,
          "attributes": {
            "id": "85",
            "keepers": null,
            "max": 100,
            "min": 1,
            "result": 85,
            "seed": null
          },
          "sensitive_attributes": []
        },
        {
          "index_key": 3,
          "schema_version": 0,
          "attributes": {
            "id": "22",
            "keepers": null,
            "max": 100,
            "min": 1,
            "result": 22,
            "seed": null
          },
          "sensitive_attributes": []
        },
        {
          "index_key": 4,
          "schema_version": 0,
          "attributes": {
            "id": "52",
            "keepers": null,
            "max": 100,
            "min": 1,
            "result": 52,
            "seed": null
          },
          "sensitive_attributes": []
        }
      ]
    },
    {
      "module": "module.random_module.module.module2[1].module.module3[3]",
      "mode": "managed",
      "type": "random_integer",
      "name": "random_number",
      "provider": "provider[\"registry.terraform.io/hashicorp/random\"]",
      "instances": [
        {
          "index_key": 0,
          "schema_version": 0,
          "attributes": {
            "id": "81",
            "keepers": null,
            "max": 100,
            "min": 1,
            "result": 81,
            "seed": null
          },
          "sensitive_attributes": []
        },
        {
          "index_key": 1,
          "schema_version": 0,
          "attributes": {
            "id": "3",
            "keepers": null,
            "max": 100,
            "min": 1,
            "result": 3,
            "seed": null
          },
          "sensitive_attributes": []
        },
        {
          "index_key": 2,
          "schema_version": 0,
          "attributes": {
            "id": "11",
            "keepers": null,
            "max": 100,
            "min": 1,
            "result": 11,
            "seed": null
          },
          "sensitive_attributes": []
        },
        {
          "index_key": 3,
          "schema_version": 0,
          "attributes": {
            "id": "73",
            "keepers": null,
            "max": 100,
            "min": 1,
            "result": 73,
            "seed": null
          },
          "sensitive_attributes": []
        },
        {
          "index_key": 4,
          "schema_version": 0,
          "attributes": {
            "id": "84",
            "keepers": null,
            "max": 100,
            "min": 1,
            "result": 84,
            "seed": null
          },
          "sensitive_attributes": []
        }
      ]
    },
    {
      "module": "module.random_module.module.module2[1].module.module3[4]",
      "mode": "managed",
      "type": "random_integer",
      "name": "random_number",
      "provider": "provider[\"registry.terraform.io/hashicorp/random\"]",
      "instances": [
        {
          "index_key": 0,
          "schema_version": 0,
          "attributes": {
            "id": "33",
            "keepers": null,
            "max": 100,
            "min": 1,
            "result": 33,
            "seed": null
          },
          "sensitive_attributes": []
        },
        {
          "index_key": 1,
          "schema_version": 0,
          "attributes": {
            "id": "48",
            "keepers": null,
            "max": 100,
            "min": 1,
            "result": 48,
            "seed": null
          },
          "sensitive_attributes": []
        },
        {
          "index_key": 2,
          "schema_version": 0,
          "attributes": {
            "id": "54",
            "keepers": null,
            "max": 100,
            "min": 1,
            "result": 54,
            "seed": null
          },
          "sensitive_attributes": []
        },
        {
          "index_key": 3,
          "schema_version": 0,
          "attributes": {
            "id": "51",
            "keepers": null,
            "max": 100,
            "min": 1,
            "result": 51,
            "seed": null
          },
          "sensitive_attributes": []
        },
        {
          "index_key": 4,
          "schema_version": 0,
          "attributes": {
            "id": "29",
            "keepers": null,
            "max": 100,
            "min": 1,
            "result": 29,
            "seed": null
          },
          "sensitive_attributes": []
        }
      ]
    },
    {
      "module": "module.random_module.module.module2[1].module.module3[5]",
      "mode": "managed",
      "type": "random_integer",
      "name": "random_number",
      "provider": "provider[\"registry.terraform.io/hashicorp/random\"]",
      "instances": [
        {
          "index_key": 0,
          "schema_version": 0,
          "attributes": {
            "id": "82",
            "keepers": null,
            "max": 100,
            "min": 1,
            "result": 82,
            "seed": null
          },
          "sensitive_attributes": []
        },
        {
          "index_key": 1,
          "schema_version": 0,
          "attributes": {
            "id": "10",
            "keepers": null,
            "max": 100,
            "min": 1,
            "result": 10,
            "seed": null
          },
          "sensitive_attributes": []
        },
        {
          "index_key": 2,
          "schema_version": 0,
          "attributes": {
            "id": "56",
            "keepers": null,
            "max": 100,
            "min": 1,
            "result": 56,
            "seed": null
          },
          "sensitive_attributes": []
        },
        {
          "index_key": 3,
          "schema_version": 0,
          "attributes": {
            "id": "24",
            "keepers": null,
            "max": 100,
            "min": 1,
            "result": 24,
            "seed": null
          },
          "sensitive_attributes": []
        },
        {
          "index_key": 4,
          "schema_version": 0,
          "attributes": {
            "id": "56",
            "keepers": null,
            "max": 100,
            "min": 1,
            "result": 56,
            "seed": null
          },
          "sensitive_attributes": []
        }
      ]
    },
    {
      "module": "module.random_module.module.module2[1].module.module3[6]",
      "mode": "managed",
      "type": "random_integer",
      "name": "random_number",
      "provider": "provider[\"registry.terraform.io/hashicorp/random\"]",
      "instances": [
        {
          "index_key": 0,
          "schema_version": 0,
          "attributes": {
            "id": "12",
            "keepers": null,
            "max": 100,
            "min": 1,
            "result": 12,
            "seed": null
          },
          "sensitive_attributes": []
        },
        {
          "index_key": 1,
          "schema_version": 0,
          "attributes": {
            "id": "46",
            "keepers": null,
            "max": 100,
            "min": 1,
            "result": 46,
            "seed": null
          },
          "sensitive_attributes": []
        },
        {
          "index_key": 2,
          "schema_version": 0,
          "attributes": {
            "id": "87",
            "keepers": null,
            "max": 100,
            "min": 1,
            "result": 87,
            "seed": null
          },
          "sensitive_attributes": []
        },
        {
          "index_key": 3,
          "schema_version": 0,
          "attributes": {
            "id": "7",
            "keepers": null,
            "max": 100,
            "min": 1,
            "result": 7,
            "seed": null
          },
          "sensitive_attributes": []
        },
        {
          "index_key": 4,
          "schema_version": 0,
          "attributes": {
            "id": "67",
            "keepers": null,
            "max": 100,
            "min": 1,
            "result": 67,
            "seed": null
          },
          "sensitive_attributes": []
        }
      ]
    },
    {
      "module": "module.random_module.module.module2[2]",
      "mode": "managed",
      "type": "random_integer",
      "name": "random_number",
      "provider": "provider[\"registry.terraform.io/hashicorp/random\"]",
      "instances": [
        {
          "index_key": 0,
          "schema_version": 0,
          "attributes": {
            "id": "81",
            "keepers": null,
            "max": 100,
            "min": 1,
            "result": 81,
            "seed": null
          },
          "sensitive_attributes": []
        },
        {
          "index_key": 1,
          "schema_version": 0,
          "attributes": {
            "id": "4",
            "keepers": null,
            "max": 100,
            "min": 1,
            "result": 4,
            "seed": null
          },
          "sensitive_attributes": []
        },
        {
          "index_key": 2,
          "schema_version": 0,
          "attributes": {
            "id": "94",
            "keepers": null,
            "max": 100,
            "min": 1,
            "result": 94,
            "seed": null
          },
          "sensitive_attributes": []
        },
        {
          "index_key": 3,
          "schema_version": 0,
          "attributes": {
            "id": "65",
            "keepers": null,
            "max": 100,
            "min": 1,
            "result": 65,
            "seed": null
          },
          "sensitive_attributes": []
        },
        {
          "index_key": 4,
          "schema_version": 0,
          "attributes": {
            "id": "18",
            "keepers": null,
            "max": 100,
            "min": 1,
            "result": 18,
            "seed": null
          },
          "sensitive_attributes": []
        }
      ]
    },
    {
      "module": "module.random_module.module.module2[2].module.module3[0]",
      "mode": "managed",
      "type": "random_integer",
      "name": "random_number",
      "provider": "provider[\"registry.terraform.io/hashicorp/random\"]",
      "instances": [
        {
          "index_key": 0,
          "schema_version": 0,
          "attributes": {
            "id": "97",
            "keepers": null,
            "max": 100,
            "min": 1,
            "result": 97,
            "seed": null
          },
          "sensitive_attributes": []
        },
        {
          "index_key": 1,
          "schema_version": 0,
          "attributes": {
            "id": "75",
            "keepers": null,
            "max": 100,
            "min": 1,
            "result": 75,
            "seed": null
          },
          "sensitive_attributes": []
        },
        {
          "index_key": 2,
          "schema_version": 0,
          "attributes": {
            "id": "72",
            "keepers": null,
            "max": 100,
            "min": 1,
            "result": 72,
            "seed": null
          },
          "sensitive_attributes": []
        },
        {
          "index_key": 3,
          "schema_version": 0,
          "attributes": {
            "id": "48",
            "keepers": null,
            "max": 100,
            "min": 1,
            "result": 48,
            "seed": null
          },
          "sensitive_attributes": []
        },
        {
          "index_key": 4,
          "schema_version": 0,
          "attributes": {
            "id": "69",
            "keepers": null,
            "max": 100,
            "min": 1,
            "result": 69,
            "seed": null
          },
          "sensitive_attributes": []
        }
      ]
    },
    {
      "module": "module.random_module.module.module2[2].module.module3[1]",
      "mode": "managed",
      "type": "random_integer",
      "name": "random_number",
      "provider": "provider[\"registry.terraform.io/hashicorp/random\"]",
      "instances": [
        {
          "index_key": 0,
          "schema_version": 0,
          "attributes": {
            "id": "28",
            "keepers": null,
            "max": 100,
            "min": 1,
            "result": 28,
            "seed": null
          },
          "sensitive_attributes": []
        },
        {
          "index_key": 1,
          "schema_version": 0,
          "attributes": {
            "id": "67",
            "keepers": null,
            "max": 100,
            "min": 1,
            "result": 67,
            "seed": null
          },
          "sensitive_attributes": []
        },
        {
          "index_key": 2,
          "schema_version": 0,
          "attributes": {
            "id": "61",
            "keepers": null,
            "max": 100,
            "min": 1,
            "result": 61,
            "seed": null
          },
          "sensitive_attributes": []
        },
        {
          "index_key": 3,
          "schema_version": 0,
          "attributes": {
            "id": "48",
            "keepers": null,
            "max": 100,
            "min": 1,
            "result": 48,
            "seed": null
          },
          "sensitive_attributes": []
        },
        {
          "index_key": 4,
          "schema_version": 0,
          "attributes": {
            "id": "43",
            "keepers": null,
            "max": 100,
            "min": 1,
            "result": 43,
            "seed": null
          },
          "sensitive_attributes": []
        }
      ]
    },
    {
      "module": "module.random_module.module.module2[2].module.module3[2]",
      "mode": "managed",
      "type": "random_integer",
      "name": "random_number",
      "provider": "provider[\"registry.terraform.io/hashicorp/random\"]",
      "instances": [
        {
          "index_key": 0,
          "schema_version": 0,
          "attributes": {
            "id": "62",
            "keepers": null,
            "max": 100,
            "min": 1,
            "result": 62,
            "seed": null
          },
          "sensitive_attributes": []
        },
        {
          "index_key": 1,
          "schema_version": 0,
          "attributes": {
            "id": "81",
            "keepers": null,
            "max": 100,
            "min": 1,
            "result": 81,
            "seed": null
          },
          "sensitive_attributes": []
        },
        {
          "index_key": 2,
          "schema_version": 0,
          "attributes": {
            "id": "39",
            "keepers": null,
            "max": 100,
            "min": 1,
            "result": 39,
            "seed": null
          },
          "sensitive_attributes": []
        },
        {
          "index_key": 3,
          "schema_version": 0,
          "attributes": {
            "id": "98",
            "keepers": null,
            "max": 100,
            "min": 1,
            "result": 98,
            "seed": null
          },
          "sensitive_attributes": []
        },
        {
          "index_key": 4,
          "schema_version": 0,
          "attributes": {
            "id": "77",
            "keepers": null,
            "max": 100,
            "min": 1,
            "result": 77,
            "seed": null
          },
          "sensitive_attributes": []
        }
      ]
    },
    {
      "module": "module.random_module.module.module2[2].module.module3[3]",
      "mode": "managed",
      "type": "random_integer",
      "name": "random_number",
      "provider": "provider[\"registry.terraform.io/hashicorp/random\"]",
      "instances": [
        {
          "index_key": 0,
          "schema_version": 0,
          "attributes": {
            "id": "76",
            "keepers": null,
            "max": 100,
            "min": 1,
            "result": 76,
            "seed": null
          },
          "sensitive_attributes": []
        },
        {
          "index_key": 1,
          "schema_version": 0,
          "attributes": {
            "id": "30",
            "keepers": null,
            "max": 100,
            "min": 1,
            "result": 30,
            "seed": null
          },
          "sensitive_attributes": []
        },
        {
          "index_key": 2,
          "schema_version": 0,
          "attributes": {
            "id": "95",
            "keepers": null,
            "max": 100,
            "min": 1,
            "result": 95,
            "seed": null
          },
          "sensitive_attributes": []
        },
        {
          "index_key": 3,
          "schema_version": 0,
          "attributes": {
            "id": "1",
            "keepers": null,
            "max": 100,
            "min": 1,
            "result": 1,
            "seed": null
          },
          "sensitive_attributes": []
        },
        {
          "index_key": 4,
          "schema_version": 0,
          "attributes": {
            "id": "84",
            "keepers": null,
            "max": 100,
            "min": 1,
            "result": 84,
            "seed": null
          },
          "sensitive_attributes": []
        }
      ]
    },
    {
      "module": "module.random_module.module.module2[2].module.module3[4]",
      "mode": "managed",
      "type": "random_integer",
      "name": "random_number",
      "provider": "provider[\"registry.terraform.io/hashicorp/random\"]",
      "instances": [
        {
          "index_key": 0,
          "schema_version": 0,
          "attributes": {
            "id": "26",
            "keepers": null,
            "max": 100,
            "min": 1,
            "result": 26,
            "seed": null
          },
          "sensitive_attributes": []
        },
        {
          "index_key": 1,
          "schema_version": 0,
          "attributes": {
            "id": "82",
            "keepers": null,
            "max": 100,
            "min": 1,
            "result": 82,
            "seed": null
          },
          "sensitive_attributes": []
        },
        {
          "index_key": 2,
          "schema_version": 0,
          "attributes": {
            "id": "50",
            "keepers": null,
            "max": 100,
            "min": 1,
            "result": 50,
            "seed": null
          },
          "sensitive_attributes": []
        },
        {
          "index_key": 3,
          "schema_version": 0,
          "attributes": {
            "id": "79",
            "keepers": null,
            "max": 100,
            "min": 1,
            "result": 79,
            "seed": null
          },
          "sensitive_attributes": []
        },
        {
          "index_key": 4,
          "schema_version": 0,
          "attributes": {
            "id": "41",
            "keepers": null,
            "max": 100,
            "min": 1,
            "result": 41,
            "seed": null
          },
          "sensitive_attributes": []
        }
      ]
    },
    {
      "module": "module.random_module.module.module2[2].module.module3[5]",
      "mode": "managed",
      "type": "random_integer",
      "name": "random_number",
      "provider": "provider[\"registry.terraform.io/hashicorp/random\"]",
      "instances": [
        {
          "index_key": 0,
          "schema_version": 0,
          "attributes": {
            "id": "94",
            "keepers": null,
            "max": 100,
            "min": 1,
            "result": 94,
            "seed": null
          },
          "sensitive_attributes": []
        },
        {
          "index_key": 1,
          "schema_version": 0,
          "attributes": {
            "id": "64",
            "keepers": null,
            "max": 100,
            "min": 1,
            "result": 64,
            "seed": null
          },
          "sensitive_attributes": []
        },
        {
          "index_key": 2,
          "schema_version": 0,
          "attributes": {
            "id": "8",
            "keepers": null,
            "max": 100,
            "min": 1,
            "result": 8,
            "seed": null
          },
          "sensitive_attributes": []
        },
        {
          "index_key": 3,
          "schema_version": 0,
          "attributes": {
            "id": "13",
            "keepers": null,
            "max": 100,
            "min": 1,
            "result": 13,
            "seed": null
          },
          "sensitive_attributes": []
        },
        {
          "index_key": 4,
          "schema_version": 0,
          "attributes": {
            "id": "95",
            "keepers": null,
            "max": 100,
            "min": 1,
            "result": 95,
            "seed": null
          },
          "sensitive_attributes": []
        }
      ]
    },
    {
      "module": "module.random_module.module.module2[2].module.module3[6]",
      "mode": "managed",
      "type": "random_integer",
      "name": "random_number",
      "provider": "provider[\"registry.terraform.io/hashicorp/random\"]",
      "instances": [
        {
          "index_key": 0,
          "schema_version": 0,
          "attributes": {
            "id": "54",
            "keepers": null,
            "max": 100,
            "min": 1,
            "result": 54,
            "seed": null
          },
          "sensitive_attributes": []
        },
        {
          "index_key": 1,
          "schema_version": 0,
          "attributes": {
            "id": "82",
            "keepers": null,
            "max": 100,
            "min": 1,
            "result": 82,
            "seed": null
          },
          "sensitive_attributes": []
        },
        {
          "index_key": 2,
          "schema_version": 0,
          "attributes": {
            "id": "41",
            "keepers": null,
            "max": 100,
            "min": 1,
            "result": 41,
            "seed": null
          },
          "sensitive_attributes": []
        },
        {
          "index_key": 3,
          "schema_version": 0,
          "attributes": {
            "id": "50",
            "keepers": null,
            "max": 100,
            "min": 1,
            "result": 50,
            "seed": null
          },
          "sensitive_attributes": []
        },
        {
          "index_key": 4,
          "schema_version": 0,
          "attributes": {
            "id": "20",
            "keepers": null,
            "max": 100,
            "min": 1,
            "result": 20,
            "seed": null
          },
          "sensitive_attributes": []
        }
      ]
    },
    {
      "module": "module.random_module.module.module2[3]",
      "mode": "managed",
      "type": "random_integer",
      "name": "random_number",
      "provider": "provider[\"registry.terraform.io/hashicorp/random\"]",
      "instances": [
        {
          "index_key": 0,
          "schema_version": 0,
          "attributes": {
            "id": "77",
            "keepers": null,
            "max": 100,
            "min": 1,
            "result": 77,
            "seed": null
          },
          "sensitive_attributes": []
        },
        {
          "index_key": 1,
          "schema_version": 0,
          "attributes": {
            "id": "12",
            "keepers": null,
            "max": 100,
            "min": 1,
            "result": 12,
            "seed": null
          },
          "sensitive_attributes": []
        },
        {
          "index_key": 2,
          "schema_version": 0,
          "attributes": {
            "id": "70",
            "keepers": null,
            "max": 100,
            "min": 1,
            "result": 70,
            "seed": null
          },
          "sensitive_attributes": []
        },
        {
          "index_key": 3,
          "schema_version": 0,
          "attributes": {
            "id": "8",
            "keepers": null,
            "max": 100,
            "min": 1,
            "result": 8,
            "seed": null
          },
          "sensitive_attributes": []
        },
        {
          "index_key": 4,
          "schema_version": 0,
          "attributes": {
            "id": "65",
            "keepers": null,
            "max": 100,
            "min": 1,
            "result": 65,
            "seed": null
          },
          "sensitive_attributes": []
        }
      ]
    },
    {
      "module": "module.random_module.module.module2[3].module.module3[0]",
      "mode": "managed",
      "type": "random_integer",
      "name": "random_number",
      "provider": "provider[\"registry.terraform.io/hashicorp/random\"]",
      "instances": [
        {
          "index_key": 0,
          "schema_version": 0,
          "attributes": {
            "id": "63",
            "keepers": null,
            "max": 100,
            "min": 1,
            "result": 63,
            "seed": null
          },
          "sensitive_attributes": []
        },
        {
          "index_key": 1,
          "schema_version": 0,
          "attributes": {
            "id": "3",
            "keepers": null,
            "max": 100,
            "min": 1,
            "result": 3,
            "seed": null
          },
          "sensitive_attributes": []
        },
        {
          "index_key": 2,
          "schema_version": 0,
          "attributes": {
            "id": "27",
            "keepers": null,
            "max": 100,
            "min": 1,
            "result": 27,
            "seed": null
          },
          "sensitive_attributes": []
        },
        {
          "index_key": 3,
          "schema_version": 0,
          "attributes": {
            "id": "23",
            "keepers": null,
            "max": 100,
            "min": 1,
            "result": 23,
            "seed": null
          },
          "sensitive_attributes": []
        },
        {
          "index_key": 4,
          "schema_version": 0,
          "attributes": {
            "id": "8",
            "keepers": null,
            "max": 100,
            "min": 1,
            "result": 8,
            "seed": null
          },
          "sensitive_attributes": []
        }
      ]
    },
    {
      "module": "module.random_module.module.module2[3].module.module3[1]",
      "mode": "managed",
      "type": "random_integer",
      "name": "random_number",
      "provider": "provider[\"registry.terraform.io/hashicorp/random\"]",
      "instances": [
        {
          "index_key": 0,
          "schema_version": 0,
          "attributes": {
            "id": "84",
            "keepers": null,
            "max": 100,
            "min": 1,
            "result": 84,
            "seed": null
          },
          "sensitive_attributes": []
        },
        {
          "index_key": 1,
          "schema_version": 0,
          "attributes": {
            "id": "75",
            "keepers": null,
            "max": 100,
            "min": 1,
            "result": 75,
            "seed": null
          },
          "sensitive_attributes": []
        },
        {
          "index_key": 2,
          "schema_version": 0,
          "attributes": {
            "id": "52",
            "keepers": null,
            "max": 100,
            "min": 1,
            "result": 52,
            "seed": null
          },
          "sensitive_attributes": []
        },
        {
          "index_key": 3,
          "schema_version": 0,
          "attributes": {
            "id": "80",
            "keepers": null,
            "max": 100,
            "min": 1,
            "result": 80,
            "seed": null
          },
          "sensitive_attributes": []
        },
        {
          "index_key": 4,
          "schema_version": 0,
          "attributes": {
            "id": "81",
            "keepers": null,
            "max": 100,
            "min": 1,
            "result": 81,
            "seed": null
          },
          "sensitive_attributes": []
        }
      ]
    },
    {
      "module": "module.random_module.module.module2[3].module.module3[2]",
      "mode": "managed",
      "type": "random_integer",
      "name": "random_number",
      "provider": "provider[\"registry.terraform.io/hashicorp/random\"]",
      "instances": [
        {
          "index_key": 0,
          "schema_version": 0,
          "attributes": {
            "id": "53",
            "keepers": null,
            "max": 100,
            "min": 1,
            "result": 53,
            "seed": null
          },
          "sensitive_attributes": []
        },
        {
          "index_key": 1,
          "schema_version": 0,
          "attributes": {
            "id": "5",
            "keepers": null,
            "max": 100,
            "min": 1,
            "result": 5,
            "seed": null
          },
          "sensitive_attributes": []
        },
        {
          "index_key": 2,
          "schema_version": 0,
          "attributes": {
            "id": "3",
            "keepers": null,
            "max": 100,
            "min": 1,
            "result": 3,
            "seed": null
          },
          "sensitive_attributes": []
        },
        {
          "index_key": 3,
          "schema_version": 0,
          "attributes": {
            "id": "98",
            "keepers": null,
            "max": 100,
            "min": 1,
            "result": 98,
            "seed": null
          },
          "sensitive_attributes": []
        },
        {
          "index_key": 4,
          "schema_version": 0,
          "attributes": {
            "id": "71",
            "keepers": null,
            "max": 100,
            "min": 1,
            "result": 71,
            "seed": null
          },
          "sensitive_attributes": []
        }
      ]
    },
    {
      "module": "module.random_module.module.module2[3].module.module3[3]",
      "mode": "managed",
      "type": "random_integer",
      "name": "random_number",
      "provider": "provider[\"registry.terraform.io/hashicorp/random\"]",
      "instances": [
        {
          "index_key": 0,
          "schema_version": 0,
          "attributes": {
            "id": "11",
            "keepers": null,
            "max": 100,
            "min": 1,
            "result": 11,
            "seed": null
          },
          "sensitive_attributes": []
        },
        {
          "index_key": 1,
          "schema_version": 0,
          "attributes": {
            "id": "20",
            "keepers": null,
            "max": 100,
            "min": 1,
            "result": 20,
            "seed": null
          },
          "sensitive_attributes": []
        },
        {
          "index_key": 2,
          "schema_version": 0,
          "attributes": {
            "id": "71",
            "keepers": null,
            "max": 100,
            "min": 1,
            "result": 71,
            "seed": null
          },
          "sensitive_attributes": []
        },
        {
          "index_key": 3,
          "schema_version": 0,
          "attributes": {
            "id": "9",
            "keepers": null,
            "max": 100,
            "min": 1,
            "result": 9,
            "seed": null
          },
          "sensitive_attributes": []
        },
        {
          "index_key": 4,
          "schema_version": 0,
          "attributes": {
            "id": "78",
            "keepers": null,
            "max": 100,
            "min": 1,
            "result": 78,
            "seed": null
          },
          "sensitive_attributes": []
        }
      ]
    },
    {
      "module": "module.random_module.module.module2[3].module.module3[4]",
      "mode": "managed",
      "type": "random_integer",
      "name": "random_number",
      "provider": "provider[\"registry.terraform.io/hashicorp/random\"]",
      "instances": [
        {
          "index_key": 0,
          "schema_version": 0,
          "attributes": {
            "id": "62",
            "keepers": null,
            "max": 100,
            "min": 1,
            "result": 62,
            "seed": null
          },
          "sensitive_attributes": []
        },
        {
          "index_key": 1,
          "schema_version": 0,
          "attributes": {
            "id": "60",
            "keepers": null,
            "max": 100,
            "min": 1,
            "result": 60,
            "seed": null
          },
          "sensitive_attributes": []
        },
        {
          "index_key": 2,
          "schema_version": 0,
          "attributes": {
            "id": "71",
            "keepers": null,
            "max": 100,
            "min": 1,
            "result": 71,
            "seed": null
          },
          "sensitive_attributes": []
        },
        {
          "index_key": 3,
          "schema_version": 0,
          "attributes": {
            "id": "79",
            "keepers": null,
            "max": 100,
            "min": 1,
            "result": 79,
            "seed": null
          },
          "sensitive_attributes": []
        },
        {
          "index_key": 4,
          "schema_version": 0,
          "attributes": {
            "id": "90",
            "keepers": null,
            "max": 100,
            "min": 1,
            "result": 90,
            "seed": null
          },
          "sensitive_attributes": []
        }
      ]
    },
    {
      "module": "module.random_module.module.module2[3].module.module3[5]",
      "mode": "managed",
      "type": "random_integer",
      "name": "random_number",
      "provider": "provider[\"registry.terraform.io/hashicorp/random\"]",
      "instances": [
        {
          "index_key": 0,
          "schema_version": 0,
          "attributes": {
            "id": "55",
            "keepers": null,
            "max": 100,
            "min": 1,
            "result": 55,
            "seed": null
          },
          "sensitive_attributes": []
        },
        {
          "index_key": 1,
          "schema_version": 0,
          "attributes": {
            "id": "10",
            "keepers": null,
            "max": 100,
            "min": 1,
            "result": 10,
            "seed": null
          },
          "sensitive_attributes": []
        },
        {
          "index_key": 2,
          "schema_version": 0,
          "attributes": {
            "id": "32",
            "keepers": null,
            "max": 100,
            "min": 1,
            "result": 32,
            "seed": null
          },
          "sensitive_attributes": []
        },
        {
          "index_key": 3,
          "schema_version": 0,
          "attributes": {
            "id": "5",
            "keepers": null,
            "max": 100,
            "min": 1,
            "result": 5,
            "seed": null
          },
          "sensitive_attributes": []
        },
        {
          "index_key": 4,
          "schema_version": 0,
          "attributes": {
            "id": "5",
            "keepers": null,
            "max": 100,
            "min": 1,
            "result": 5,
            "seed": null
          },
          "sensitive_attributes": []
        }
      ]
    },
    {
      "module": "module.random_module.module.module2[3].module.module3[6]",
      "mode": "managed",
      "type": "random_integer",
      "name": "random_number",
      "provider": "provider[\"registry.terraform.io/hashicorp/random\"]",
      "instances": [
        {
          "index_key": 0,
          "schema_version": 0,
          "attributes": {
            "id": "22",
            "keepers": null,
            "max": 100,
            "min": 1,
            "result": 22,
            "seed": null
          },
          "sensitive_attributes": []
        },
        {
          "index_key": 1,
          "schema_version": 0,
          "attributes": {
            "id": "51",
            "keepers": null,
            "max": 100,
            "min": 1,
            "result": 51,
            "seed": null
          },
          "sensitive_attributes": []
        },
        {
          "index_key": 2,
          "schema_version": 0,
          "attributes": {
            "id": "69",
            "keepers": null,
            "max": 100,
            "min": 1,
            "result": 69,
            "seed": null
          },
          "sensitive_attributes": []
        },
        {
          "index_key": 3,
          "schema_version": 0,
          "attributes": {
            "id": "72",
            "keepers": null,
            "max": 100,
            "min": 1,
            "result": 72,
            "seed": null
          },
          "sensitive_attributes": []
        },
        {
          "index_key": 4,
          "schema_version": 0,
          "attributes": {
            "id": "82",
            "keepers": null,
            "max": 100,
            "min": 1,
            "result": 82,
            "seed": null
          },
          "sensitive_attributes": []
        }
      ]
    },
    {
      "module": "module.random_module.module.module2[4]",
      "mode": "managed",
      "type": "random_integer",
      "name": "random_number",
      "provider": "provider[\"registry.terraform.io/hashicorp/random\"]",
      "instances": [
        {
          "index_key": 0,
          "schema_version": 0,
          "attributes": {
            "id": "71",
            "keepers": null,
            "max": 100,
            "min": 1,
            "result": 71,
            "seed": null
          },
          "sensitive_attributes": []
        },
        {
          "index_key": 1,
          "schema_version": 0,
          "attributes": {
            "id": "58",
            "keepers": null,
            "max": 100,
            "min": 1,
            "result": 58,
            "seed": null
          },
          "sensitive_attributes": []
        },
        {
          "index_key": 2,
          "schema_version": 0,
          "attributes": {
            "id": "49",
            "keepers": null,
            "max": 100,
            "min": 1,
            "result": 49,
            "seed": null
          },
          "sensitive_attributes": []
        },
        {
          "index_key": 3,
          "schema_version": 0,
          "attributes": {
            "id": "85",
            "keepers": null,
            "max": 100,
            "min": 1,
            "result": 85,
            "seed": null
          },
          "sensitive_attributes": []
        },
        {
          "index_key": 4,
          "schema_version": 0,
          "attributes": {
            "id": "20",
            "keepers": null,
            "max": 100,
            "min": 1,
            "result": 20,
            "seed": null
          },
          "sensitive_attributes": []
        }
      ]
    },
    {
      "module": "module.random_module.module.module2[4].module.module3[0]",
      "mode": "managed",
      "type": "random_integer",
      "name": "random_number",
      "provider": "provider[\"registry.terraform.io/hashicorp/random\"]",
      "instances": [
        {
          "index_key": 0,
          "schema_version": 0,
          "attributes": {
            "id": "63",
            "keepers": null,
            "max": 100,
            "min": 1,
            "result": 63,
            "seed": null
          },
          "sensitive_attributes": []
        },
        {
          "index_key": 1,
          "schema_version": 0,
          "attributes": {
            "id": "35",
            "keepers": null,
            "max": 100,
            "min": 1,
            "result": 35,
            "seed": null
          },
          "sensitive_attributes": []
        },
        {
          "index_key": 2,
          "schema_version": 0,
          "attributes": {
            "id": "8",
            "keepers": null,
            "max": 100,
            "min": 1,
            "result": 8,
            "seed": null
          },
          "sensitive_attributes": []
        },
        {
          "index_key": 3,
          "schema_version": 0,
          "attributes": {
            "id": "21",
            "keepers": null,
            "max": 100,
            "min": 1,
            "result": 21,
            "seed": null
          },
          "sensitive_attributes": []
        },
        {
          "index_key": 4,
          "schema_version": 0,
          "attributes": {
            "id": "11",
            "keepers": null,
            "max": 100,
            "min": 1,
            "result": 11,
            "seed": null
          },
          "sensitive_attributes": []
        }
      ]
    },
    {
      "module": "module.random_module.module.module2[4].module.module3[1]",
      "mode": "managed",
      "type": "random_integer",
      "name": "random_number",
      "provider": "provider[\"registry.terraform.io/hashicorp/random\"]",
      "instances": [
        {
          "index_key": 0,
          "schema_version": 0,
          "attributes": {
            "id": "42",
            "keepers": null,
            "max": 100,
            "min": 1,
            "result": 42,
            "seed": null
          },
          "sensitive_attributes": []
        },
        {
          "index_key": 1,
          "schema_version": 0,
          "attributes": {
            "id": "84",
            "keepers": null,
            "max": 100,
            "min": 1,
            "result": 84,
            "seed": null
          },
          "sensitive_attributes": []
        },
        {
          "index_key": 2,
          "schema_version": 0,
          "attributes": {
            "id": "1",
            "keepers": null,
            "max": 100,
            "min": 1,
            "result": 1,
            "seed": null
          },
          "sensitive_attributes": []
        },
        {
          "index_key": 3,
          "schema_version": 0,
          "attributes": {
            "id": "77",
            "keepers": null,
            "max": 100,
            "min": 1,
            "result": 77,
            "seed": null
          },
          "sensitive_attributes": []
        },
        {
          "index_key": 4,
          "schema_version": 0,
          "attributes": {
            "id": "61",
            "keepers": null,
            "max": 100,
            "min": 1,
            "result": 61,
            "seed": null
          },
          "sensitive_attributes": []
        }
      ]
    },
    {
      "module": "module.random_module.module.module2[4].module.module3[2]",
      "mode": "managed",
      "type": "random_integer",
      "name": "random_number",
      "provider": "provider[\"registry.terraform.io/hashicorp/random\"]",
      "instances": [
        {
          "index_key": 0,
          "schema_version": 0,
          "attributes": {
            "id": "56",
            "keepers": null,
            "max": 100,
            "min": 1,
            "result": 56,
            "seed": null
          },
          "sensitive_attributes": []
        },
        {
          "index_key": 1,
          "schema_version": 0,
          "attributes": {
            "id": "17",
            "keepers": null,
            "max": 100,
            "min": 1,
            "result": 17,
            "seed": null
          },
          "sensitive_attributes": []
        },
        {
          "index_key": 2,
          "schema_version": 0,
          "attributes": {
            "id": "88",
            "keepers": null,
            "max": 100,
            "min": 1,
            "result": 88,
            "seed": null
          },
          "sensitive_attributes": []
        },
        {
          "index_key": 3,
          "schema_version": 0,
          "attributes": {
            "id": "42",
            "keepers": null,
            "max": 100,
            "min": 1,
            "result": 42,
            "seed": null
          },
          "sensitive_attributes": []
        },
        {
          "index_key": 4,
          "schema_version": 0,
          "attributes": {
            "id": "63",
            "keepers": null,
            "max": 100,
            "min": 1,
            "result": 63,
            "seed": null
          },
          "sensitive_attributes": []
        }
      ]
    },
    {
      "module": "module.random_module.module.module2[4].module.module3[3]",
      "mode": "managed",
      "type": "random_integer",
      "name": "random_number",
      "provider": "provider[\"registry.terraform.io/hashicorp/random\"]",
      "instances": [
        {
          "index_key": 0,
          "schema_version": 0,
          "attributes": {
            "id": "66",
            "keepers": null,
            "max": 100,
            "min": 1,
            "result": 66,
            "seed": null
          },
          "sensitive_attributes": []
        },
        {
          "index_key": 1,
          "schema_version": 0,
          "attributes": {
            "id": "63",
            "keepers": null,
            "max": 100,
            "min": 1,
            "result": 63,
            "seed": null
          },
          "sensitive_attributes": []
        },
        {
          "index_key": 2,
          "schema_version": 0,
          "attributes": {
            "id": "55",
            "keepers": null,
            "max": 100,
            "min": 1,
            "result": 55,
            "seed": null
          },
          "sensitive_attributes": []
        },
        {
          "index_key": 3,
          "schema_version": 0,
          "attributes": {
            "id": "33",
            "keepers": null,
            "max": 100,
            "min": 1,
            "result": 33,
            "seed": null
          },
          "sensitive_attributes": []
        },
        {
          "index_key": 4,
          "schema_version": 0,
          "attributes": {
            "id": "70",
            "keepers": null,
            "max": 100,
            "min": 1,
            "result": 70,
            "seed": null
          },
          "sensitive_attributes": []
        }
      ]
    },
    {
      "module": "module.random_module.module.module2[4].module.module3[4]",
      "mode": "managed",
      "type": "random_integer",
      "name": "random_number",
      "provider": "provider[\"registry.terraform.io/hashicorp/random\"]",
      "instances": [
        {
          "index_key": 0,
          "schema_version": 0,
          "attributes": {
            "id": "58",
            "keepers": null,
            "max": 100,
            "min": 1,
            "result": 58,
            "seed": null
          },
          "sensitive_attributes": []
        },
        {
          "index_key": 1,
          "schema_version": 0,
          "attributes": {
            "id": "17",
            "keepers": null,
            "max": 100,
            "min": 1,
            "result": 17,
            "seed": null
          },
          "sensitive_attributes": []
        },
        {
          "index_key": 2,
          "schema_version": 0,
          "attributes": {
            "id": "11",
            "keepers": null,
            "max": 100,
            "min": 1,
            "result": 11,
            "seed": null
          },
          "sensitive_attributes": []
        },
        {
          "index_key": 3,
          "schema_version": 0,
          "attributes": {
            "id": "14",
            "keepers": null,
            "max": 100,
            "min": 1,
            "result": 14,
            "seed": null
          },
          "sensitive_attributes": []
        },
        {
          "index_key": 4,
          "schema_version": 0,
          "attributes": {
            "id": "43",
            "keepers": null,
            "max": 100,
            "min": 1,
            "result": 43,
            "seed": null
          },
          "sensitive_attributes": []
        }
      ]
    },
    {
      "module": "module.random_module.module.module2[4].module.module3[5]",
      "mode": "managed",
      "type": "random_integer",
      "name": "random_number",
      "provider": "provider[\"registry.terraform.io/hashicorp/random\"]",
      "instances": [
        {
          "index_key": 0,
          "schema_version": 0,
          "attributes": {
            "id": "4",
            "keepers": null,
            "max": 100,
            "min": 1,
            "result": 4,
            "seed": null
          },
          "sensitive_attributes": []
        },
        {
          "index_key": 1,
          "schema_version": 0,
          "attributes": {
            "id": "63",
            "keepers": null,
            "max": 100,
            "min": 1,
            "result": 63,
            "seed": null
          },
          "sensitive_attributes": []
        },
        {
          "index_key": 2,
          "schema_version": 0,
          "attributes": {
            "id": "67",
            "keepers": null,
            "max": 100,
            "min": 1,
            "result": 67,
            "seed": null
          },
          "sensitive_attributes": []
        },
        {
          "index_key": 3,
          "schema_version": 0,
          "attributes": {
            "id": "33",
            "keepers": null,
            "max": 100,
            "min": 1,
            "result": 33,
            "seed": null
          },
          "sensitive_attributes": []
        },
        {
          "index_key": 4,
          "schema_version": 0,
          "attributes": {
            "id": "61",
            "keepers": null,
            "max": 100,
            "min": 1,
            "result": 61,
            "seed": null
          },
          "sensitive_attributes": []
        }
      ]
    },
    {
      "module": "module.random_module.module.module2[4].module.module3[6]",
      "mode": "managed",
      "type": "random_integer",
      "name": "random_number",
      "provider": "provider[\"registry.terraform.io/hashicorp/random\"]",
      "instances": [
        {
          "index_key": 0,
          "schema_version": 0,
          "attributes": {
            "id": "44",
            "keepers": null,
            "max": 100,
            "min": 1,
            "result": 44,
            "seed": null
          },
          "sensitive_attributes": []
        },
        {
          "index_key": 1,
          "schema_version": 0,
          "attributes": {
            "id": "52",
            "keepers": null,
            "max": 100,
            "min": 1,
            "result": 52,
            "seed": null
          },
          "sensitive_attributes": []
        },
        {
          "index_key": 2,
          "schema_version": 0,
          "attributes": {
            "id": "93",
            "keepers": null,
            "max": 100,
            "min": 1,
            "result": 93,
            "seed": null
          },
          "sensitive_attributes": []
        },
        {
          "index_key": 3,
          "schema_version": 0,
          "attributes": {
            "id": "98",
            "keepers": null,
            "max": 100,
            "min": 1,
            "result": 98,
            "seed": null
          },
          "sensitive_attributes": []
        },
        {
          "index_key": 4,
          "schema_version": 0,
          "attributes": {
            "id": "43",
            "keepers": null,
            "max": 100,
            "min": 1,
            "result": 43,
            "seed": null
          },
          "sensitive_attributes": []
        }
      ]
    }
  ],
  "check_results": null
}
