{
  "version": 4,
  "terraform_version": "1.5.3",
  "serial": 164,
  "lineage": "09f4e751-05ca-401e-12e8-cd0b60f5e417",
  "outputs": {},
  "resources": [
    {
      "mode": "managed",
      "type": "random_integer",
      "name": "random_number",
      "provider": "provider[\"registry.terraform.io/hashicorp/random\"]",
      "instances": [
        {
          "status": "tainted",
          "schema_version": 0,
          "attributes": {
            "id": "84",
            "keepers": null,
            "max": 100,
            "min": 1,
            "result": 84,
            "seed": null
          },
          "sensitive_attributes": []
        }
      ]
    },
    {
      "module": "module.random_module",
      "mode": "managed",
      "type": "random_integer",
      "name": "random_number",
      "provider": "module.random_module.provider[\"registry.terraform.io/hashicorp/random\"]",
      "instances": [
        {
          "index_key": 0,
          "schema_version": 0,
          "attributes": {
            "id": "95",
            "keepers": null,
            "max": 100,
            "min": 1,
            "result": 95,
            "seed": null
          },
          "sensitive_attributes": []
        },
        {
          "index_key": 1,
          "schema_version": 0,
          "attributes": {
            "id": "96",
            "keepers": null,
            "max": 100,
            "min": 1,
            "result": 96,
            "seed": null
          },
          "sensitive_attributes": []
        },
        {
          "index_key": 2,
          "schema_version": 0,
          "attributes": {
            "id": "27",
            "keepers": null,
            "max": 100,
            "min": 1,
            "result": 27,
            "seed": null
          },
          "sensitive_attributes": []
        },
        {
          "index_key": 3,
          "schema_version": 0,
          "attributes": {
            "id": "66",
            "keepers": null,
            "max": 100,
            "min": 1,
            "result": 66,
            "seed": null
          },
          "sensitive_attributes": []
        },
        {
          "index_key": 4,
          "schema_version": 0,
          "attributes": {
            "id": "84",
            "keepers": null,
            "max": 100,
            "min": 1,
            "result": 84,
            "seed": null
          },
          "sensitive_attributes": []
        }
      ]
    }
  ],
  "check_results": null
}
